
Microsoft Visual Studio Solution File, Format Version 12.00
# Visual Studio Version 16
VisualStudioVersion = 16.0.30804.86
MinimumVisualStudioVersion = 10.0.40219.1
Project("{FAE04EC0-301F-11D3-BF4B-00C04F79EFBC}") = "Orbai_Bogdan_Lab5", "Orbai_Bogdan_Lab5.csproj", "{CCD542F3-F56F-4D3B-9D2E-752491F48D45}"
EndProject
Global
	GlobalSection(SolutionConfigurationPlatforms) = preSolution
		Debug|Any CPU = Debug|Any CPU
		Release|Any CPU = Release|Any CPU
	EndGlobalSection
	GlobalSection(ProjectConfigurationPlatforms) = postSolution
		{CCD542F3-F56F-4D3B-9D2E-752491F48D45}.Debug|Any CPU.ActiveCfg = Debug|Any CPU
		{CCD542F3-F56F-4D3B-9D2E-752491F48D45}.Debug|Any CPU.Build.0 = Debug|Any CPU
		{CCD542F3-F56F-4D3B-9D2E-752491F48D45}.Release|Any CPU.ActiveCfg = Release|Any CPU
		{CCD542F3-F56F-4D3B-9D2E-752491F48D45}.Release|Any CPU.Build.0 = Release|Any CPU
	EndGlobalSection
	GlobalSection(SolutionProperties) = preSolution
		HideSolutionNode = FALSE
	EndGlobalSection
	GlobalSection(ExtensibilityGlobals) = postSolution
		SolutionGuid = {D23DC4EB-36F9-4AB5-A10E-C6FDCD4DDABD}
	EndGlobalSection
EndGlobal
